Microsoft Visual Studio Solution File, Format Version 11.00
# Visual Studio 2008

Project("{A7896F69-5EE4-1F5F-0425-FA996791F74F}") = "karaoke", "Assembly-CSharp.csproj", "{DBEF1E89-2F58-32EC-D8CB-AD2A6A605A21}"
EndProject
Global
	GlobalSection(SolutionConfigurationPlatforms) = preSolution
		Debug|Any CPU = Debug|Any CPU
		Release|Any CPU = Release|Any CPU
	EndGlobalSection
	GlobalSection(ProjectConfigurationPlatforms) = postSolution
		{DBEF1E89-2F58-32EC-D8CB-AD2A6A605A21}.Debug|Any CPU.ActiveCfg = Debug|Any CPU
		{DBEF1E89-2F58-32EC-D8CB-AD2A6A605A21}.Debug|Any CPU.Build.0 = Debug|Any CPU
		{DBEF1E89-2F58-32EC-D8CB-AD2A6A605A21}.Release|Any CPU.ActiveCfg = Release|Any CPU
		{DBEF1E89-2F58-32EC-D8CB-AD2A6A605A21}.Release|Any CPU.Build.0 = Release|Any CPU
	EndGlobalSection
	GlobalSection(SolutionProperties) = preSolution
		HideSolutionNode = FALSE
	EndGlobalSection
	GlobalSection(MonoDevelopProperties) = preSolution
		StartupItem = Assembly-CSharp.csproj
	EndGlobalSection
EndGlobal
