Microsoft Visual Studio Solution File, Format Version 11.00
# Visual Studio 2008

Project("{FE7E0423-B8AE-3E54-85E2-C174A6FFC1E2}") = "VRMusic", "Assembly-CSharp-firstpass.csproj", "{E021F1AC-EEAD-DD2B-ED80-B878EACAED1B}"
EndProject
Project("{FE7E0423-B8AE-3E54-85E2-C174A6FFC1E2}") = "VRMusic", "Assembly-CSharp.csproj", "{EC6237F5-3CC3-B684-2B44-B9DF07553BE2}"
EndProject
Project("{FE7E0423-B8AE-3E54-85E2-C174A6FFC1E2}") = "VRMusic", "Assembly-CSharp-Editor.csproj", "{F81BB65D-E8B9-EE5B-D478-625DBCDC7A78}"
EndProject
Global
	GlobalSection(SolutionConfigurationPlatforms) = preSolution
		Debug|Any CPU = Debug|Any CPU
		Release|Any CPU = Release|Any CPU
	EndGlobalSection
	GlobalSection(ProjectConfigurationPlatforms) = postSolution
		{E021F1AC-EEAD-DD2B-ED80-B878EACAED1B}.Debug|Any CPU.ActiveCfg = Debug|Any CPU
		{E021F1AC-EEAD-DD2B-ED80-B878EACAED1B}.Debug|Any CPU.Build.0 = Debug|Any CPU
		{E021F1AC-EEAD-DD2B-ED80-B878EACAED1B}.Release|Any CPU.ActiveCfg = Release|Any CPU
		{E021F1AC-EEAD-DD2B-ED80-B878EACAED1B}.Release|Any CPU.Build.0 = Release|Any CPU
		{EC6237F5-3CC3-B684-2B44-B9DF07553BE2}.Debug|Any CPU.ActiveCfg = Debug|Any CPU
		{EC6237F5-3CC3-B684-2B44-B9DF07553BE2}.Debug|Any CPU.Build.0 = Debug|Any CPU
		{EC6237F5-3CC3-B684-2B44-B9DF07553BE2}.Release|Any CPU.ActiveCfg = Release|Any CPU
		{EC6237F5-3CC3-B684-2B44-B9DF07553BE2}.Release|Any CPU.Build.0 = Release|Any CPU
		{F81BB65D-E8B9-EE5B-D478-625DBCDC7A78}.Debug|Any CPU.ActiveCfg = Debug|Any CPU
		{F81BB65D-E8B9-EE5B-D478-625DBCDC7A78}.Debug|Any CPU.Build.0 = Debug|Any CPU
		{F81BB65D-E8B9-EE5B-D478-625DBCDC7A78}.Release|Any CPU.ActiveCfg = Release|Any CPU
		{F81BB65D-E8B9-EE5B-D478-625DBCDC7A78}.Release|Any CPU.Build.0 = Release|Any CPU
	EndGlobalSection
	GlobalSection(SolutionProperties) = preSolution
		HideSolutionNode = FALSE
	EndGlobalSection
	GlobalSection(MonoDevelopProperties) = preSolution
		StartupItem = Assembly-CSharp.csproj
	EndGlobalSection
EndGlobal
